
Microsoft Visual Studio Solution File, Format Version 12.00
# Visual Studio Version 17
VisualStudioVersion = 17.9.34723.18
MinimumVisualStudioVersion = 10.0.40219.1
Project("{FAE04EC0-301F-11D3-BF4B-00C04F79EFBC}") = "TokenProvider_G", "TokenProvider_G\TokenProvider_G.csproj", "{43D19531-64C5-4F51-9EF4-7FF569BC2876}"
EndProject
Project("{FAE04EC0-301F-11D3-BF4B-00C04F79EFBC}") = "Infrastructure", "Infrastructure\Infrastructure.csproj", "{0BE23F84-2771-404B-8CF4-AFF040B44B0B}"
EndProject
Global
	GlobalSection(SolutionConfigurationPlatforms) = preSolution
		Debug|Any CPU = Debug|Any CPU
		Release|Any CPU = Release|Any CPU
	EndGlobalSection
	GlobalSection(ProjectConfigurationPlatforms) = postSolution
		{43D19531-64C5-4F51-9EF4-7FF569BC2876}.Debug|Any CPU.ActiveCfg = Debug|Any CPU
		{43D19531-64C5-4F51-9EF4-7FF569BC2876}.Debug|Any CPU.Build.0 = Debug|Any CPU
		{43D19531-64C5-4F51-9EF4-7FF569BC2876}.Release|Any CPU.ActiveCfg = Release|Any CPU
		{43D19531-64C5-4F51-9EF4-7FF569BC2876}.Release|Any CPU.Build.0 = Release|Any CPU
		{0BE23F84-2771-404B-8CF4-AFF040B44B0B}.Debug|Any CPU.ActiveCfg = Debug|Any CPU
		{0BE23F84-2771-404B-8CF4-AFF040B44B0B}.Debug|Any CPU.Build.0 = Debug|Any CPU
		{0BE23F84-2771-404B-8CF4-AFF040B44B0B}.Release|Any CPU.ActiveCfg = Release|Any CPU
		{0BE23F84-2771-404B-8CF4-AFF040B44B0B}.Release|Any CPU.Build.0 = Release|Any CPU
	EndGlobalSection
	GlobalSection(SolutionProperties) = preSolution
		HideSolutionNode = FALSE
	EndGlobalSection
	GlobalSection(ExtensibilityGlobals) = postSolution
		SolutionGuid = {6F7BD351-D33F-4217-92CC-6E03BC2744D1}
	EndGlobalSection
EndGlobal
